
Microsoft Visual Studio Solution File, Format Version 11.00
# Visual Studio 2010
Project("{FAE04EC0-301F-11D3-BF4B-00C04F79EFBC}") = "WinForm_Billing_System_2", "WinForm_Billing_System_2\WinForm_Billing_System_2.csproj", "{9AD53BDD-3283-44EB-87B5-EE887D3EC35A}"
EndProject
Project("{FAE04EC0-301F-11D3-BF4B-00C04F79EFBC}") = "Billing_Library", "Billing_Library\Billing_Library.csproj", "{14C20DA2-FFF1-422C-8194-8056355EB734}"
EndProject
Global
	GlobalSection(SolutionConfigurationPlatforms) = preSolution
		Debug|Any CPU = Debug|Any CPU
		Debug|Mixed Platforms = Debug|Mixed Platforms
		Debug|x86 = Debug|x86
		Release|Any CPU = Release|Any CPU
		Release|Mixed Platforms = Release|Mixed Platforms
		Release|x86 = Release|x86
	EndGlobalSection
	GlobalSection(ProjectConfigurationPlatforms) = postSolution
		{9AD53BDD-3283-44EB-87B5-EE887D3EC35A}.Debug|Any CPU.ActiveCfg = Debug|x86
		{9AD53BDD-3283-44EB-87B5-EE887D3EC35A}.Debug|Mixed Platforms.ActiveCfg = Debug|x86
		{9AD53BDD-3283-44EB-87B5-EE887D3EC35A}.Debug|Mixed Platforms.Build.0 = Debug|x86
		{9AD53BDD-3283-44EB-87B5-EE887D3EC35A}.Debug|x86.ActiveCfg = Debug|x86
		{9AD53BDD-3283-44EB-87B5-EE887D3EC35A}.Debug|x86.Build.0 = Debug|x86
		{9AD53BDD-3283-44EB-87B5-EE887D3EC35A}.Release|Any CPU.ActiveCfg = Release|x86
		{9AD53BDD-3283-44EB-87B5-EE887D3EC35A}.Release|Mixed Platforms.ActiveCfg = Release|x86
		{9AD53BDD-3283-44EB-87B5-EE887D3EC35A}.Release|Mixed Platforms.Build.0 = Release|x86
		{9AD53BDD-3283-44EB-87B5-EE887D3EC35A}.Release|x86.ActiveCfg = Release|x86
		{9AD53BDD-3283-44EB-87B5-EE887D3EC35A}.Release|x86.Build.0 = Release|x86
		{14C20DA2-FFF1-422C-8194-8056355EB734}.Debug|Any CPU.ActiveCfg = Debug|Any CPU
		{14C20DA2-FFF1-422C-8194-8056355EB734}.Debug|Any CPU.Build.0 = Debug|Any CPU
		{14C20DA2-FFF1-422C-8194-8056355EB734}.Debug|Mixed Platforms.ActiveCfg = Debug|Any CPU
		{14C20DA2-FFF1-422C-8194-8056355EB734}.Debug|Mixed Platforms.Build.0 = Debug|Any CPU
		{14C20DA2-FFF1-422C-8194-8056355EB734}.Debug|x86.ActiveCfg = Debug|Any CPU
		{14C20DA2-FFF1-422C-8194-8056355EB734}.Release|Any CPU.ActiveCfg = Release|Any CPU
		{14C20DA2-FFF1-422C-8194-8056355EB734}.Release|Any CPU.Build.0 = Release|Any CPU
		{14C20DA2-FFF1-422C-8194-8056355EB734}.Release|Mixed Platforms.ActiveCfg = Release|Any CPU
		{14C20DA2-FFF1-422C-8194-8056355EB734}.Release|Mixed Platforms.Build.0 = Release|Any CPU
		{14C20DA2-FFF1-422C-8194-8056355EB734}.Release|x86.ActiveCfg = Release|Any CPU
	EndGlobalSection
	GlobalSection(SolutionProperties) = preSolution
		HideSolutionNode = FALSE
	EndGlobalSection
EndGlobal
